
Microsoft Visual Studio Solution File, Format Version 12.00
# Visual Studio 15
Project("{FAE04EC0-301F-11D3-BF4B-00C04F79EFBC}") = "StaticExercise", "StaticExercise\StaticExercise.csproj", "{28695527-E74E-42BB-98FF-4524D33F0F89}"
EndProject
Global
	GlobalSection(SolutionConfigurationPlatforms) = preSolution
		Debug|Any CPU = Debug|Any CPU
		Release|Any CPU = Release|Any CPU
	EndGlobalSection
	GlobalSection(ProjectConfigurationPlatforms) = postSolution
		{28695527-E74E-42BB-98FF-4524D33F0F89}.Debug|Any CPU.ActiveCfg = Debug|Any CPU
		{28695527-E74E-42BB-98FF-4524D33F0F89}.Debug|Any CPU.Build.0 = Debug|Any CPU
		{28695527-E74E-42BB-98FF-4524D33F0F89}.Release|Any CPU.ActiveCfg = Release|Any CPU
		{28695527-E74E-42BB-98FF-4524D33F0F89}.Release|Any CPU.Build.0 = Release|Any CPU
	EndGlobalSection
EndGlobal
